
Microsoft Visual Studio Solution File, Format Version 12.00
# Visual Studio 14
VisualStudioVersion = 14.0.24720.0
MinimumVisualStudioVersion = 10.0.40219.1
Project("{FAE04EC0-301F-11D3-BF4B-00C04F79EFBC}") = "Web_API_Demo_01", "Web_API_Demo_01.csproj", "{8913D030-1BDD-403C-9372-39BBF84E7251}"
EndProject
Global
	GlobalSection(SolutionConfigurationPlatforms) = preSolution
		Debug|Any CPU = Debug|Any CPU
		Release|Any CPU = Release|Any CPU
	EndGlobalSection
	GlobalSection(ProjectConfigurationPlatforms) = postSolution
		{8913D030-1BDD-403C-9372-39BBF84E7251}.Debug|Any CPU.ActiveCfg = Debug|Any CPU
		{8913D030-1BDD-403C-9372-39BBF84E7251}.Debug|Any CPU.Build.0 = Debug|Any CPU
		{8913D030-1BDD-403C-9372-39BBF84E7251}.Release|Any CPU.ActiveCfg = Release|Any CPU
		{8913D030-1BDD-403C-9372-39BBF84E7251}.Release|Any CPU.Build.0 = Release|Any CPU
	EndGlobalSection
	GlobalSection(SolutionProperties) = preSolution
		HideSolutionNode = FALSE
	EndGlobalSection
EndGlobal
